{
  "name": "python-tutor",
  "lockfileVersion": 3,
  "requires": true,
  "packages": {
    "node_modules/@fontsource-variable/source-code-pro": {
      "version": "5.0.17",
      "resolved": "https://registry.npmjs.org/@fontsource-variable/source-code-pro/-/source-code-pro-5.0.17.tgz",
      "integrity": "sha512-O1Hn0QamTJDfFauR68ALijno0xTOy/sJAE/cORyP2s5unEiJOZj0EBQIhHymHdS7XI+xccAfSEdaZNmz9rhttA=="
    }
  }
}
